
Microsoft Visual Studio Solution File, Format Version 12.00
# Visual Studio Version 17
VisualStudioVersion = 17.0.31903.59
MinimumVisualStudioVersion = 10.0.40219.1
Project("{FAE04EC0-301F-11D3-BF4B-00C04F79EFBC}") = "Base", "Base\Base.csproj", "{2B995218-A7F3-42CD-BCFD-C25C8A90C3C6}"
EndProject
Project("{FAE04EC0-301F-11D3-BF4B-00C04F79EFBC}") = "Auth", "Auth\Auth.csproj", "{CD398417-2B74-4643-8366-FA0F0EB09836}"
EndProject
Project("{FAE04EC0-301F-11D3-BF4B-00C04F79EFBC}") = "EntryPoint", "EntryPoint\EntryPoint.csproj", "{B4726730-D32A-4159-AFDF-F8652103D1EF}"
EndProject
Global
	GlobalSection(SolutionConfigurationPlatforms) = preSolution
		Debug|Any CPU = Debug|Any CPU
		Release|Any CPU = Release|Any CPU
	EndGlobalSection
	GlobalSection(SolutionProperties) = preSolution
		HideSolutionNode = FALSE
	EndGlobalSection
	GlobalSection(ProjectConfigurationPlatforms) = postSolution
		{2B995218-A7F3-42CD-BCFD-C25C8A90C3C6}.Debug|Any CPU.ActiveCfg = Debug|Any CPU
		{2B995218-A7F3-42CD-BCFD-C25C8A90C3C6}.Debug|Any CPU.Build.0 = Debug|Any CPU
		{2B995218-A7F3-42CD-BCFD-C25C8A90C3C6}.Release|Any CPU.ActiveCfg = Release|Any CPU
		{2B995218-A7F3-42CD-BCFD-C25C8A90C3C6}.Release|Any CPU.Build.0 = Release|Any CPU
		{CD398417-2B74-4643-8366-FA0F0EB09836}.Debug|Any CPU.ActiveCfg = Debug|Any CPU
		{CD398417-2B74-4643-8366-FA0F0EB09836}.Debug|Any CPU.Build.0 = Debug|Any CPU
		{CD398417-2B74-4643-8366-FA0F0EB09836}.Release|Any CPU.ActiveCfg = Release|Any CPU
		{CD398417-2B74-4643-8366-FA0F0EB09836}.Release|Any CPU.Build.0 = Release|Any CPU
		{B4726730-D32A-4159-AFDF-F8652103D1EF}.Debug|Any CPU.ActiveCfg = Debug|Any CPU
		{B4726730-D32A-4159-AFDF-F8652103D1EF}.Debug|Any CPU.Build.0 = Debug|Any CPU
		{B4726730-D32A-4159-AFDF-F8652103D1EF}.Release|Any CPU.ActiveCfg = Release|Any CPU
		{B4726730-D32A-4159-AFDF-F8652103D1EF}.Release|Any CPU.Build.0 = Release|Any CPU
	EndGlobalSection
EndGlobal
